// !$*UTF8*$!
{
	archiveVersion = 1;
	classes = {
	};
	objectVersion = 46;
	objects = {

/* Begin PBXBuildFile section */
		EC0CEFE61E2E1DA70013B5D4 /* ComponentAViewController.swift in Sources */ = {isa = PBXBuildFile; fileRef = EC0CEFE51E2E1DA70013B5D4 /* ComponentAViewController.swift */; };
		EC0CEFE81E2E1DB40013B5D4 /* ComponentBViewController.swift in Sources */ = {isa = PBXBuildFile; fileRef = EC0CEFE71E2E1DB40013B5D4 /* ComponentBViewController.swift */; };
		ECBA6CDA1E2DDC200035ED27 /* AppDelegate.swift in Sources */ = {isa = PBXBuildFile; fileRef = ECBA6CD91E2DDC200035ED27 /* AppDelegate.swift */; };
		ECBA6CDC1E2DDC200035ED27 /* BaseViewController.swift in Sources */ = {isa = PBXBuildFile; fileRef = ECBA6CDB1E2DDC200035ED27 /* BaseViewController.swift */; };
		ECBA6CDF1E2DDC200035ED27 /* Main.storyboard in Resources */ = {isa = PBXBuildFile; fileRef = ECBA6CDD1E2DDC200035ED27 /* Main.storyboard */; };
		ECBA6CE11E2DDC200035ED27 /* Assets.xcassets in Resources */ = {isa = PBXBuildFile; fileRef = ECBA6CE01E2DDC200035ED27 /* Assets.xcassets */; };
		ECBA6CE41E2DDC200035ED27 /* LaunchScreen.storyboard in Resources */ = {isa = PBXBuildFile; fileRef = ECBA6CE21E2DDC200035ED27 /* LaunchScreen.storyboard */; };
/* End PBXBuildFile section */

/* Begin PBXFileReference section */
		EC0CEFE51E2E1DA70013B5D4 /* ComponentAViewController.swift */ = {isa = PBXFileReference; fileEncoding = 4; lastKnownFileType = sourcecode.swift; path = ComponentAViewController.swift; sourceTree = "<group>"; };
		EC0CEFE71E2E1DB40013B5D4 /* ComponentBViewController.swift */ = {isa = PBXFileReference; fileEncoding = 4; lastKnownFileType = sourcecode.swift; path = ComponentBViewController.swift; sourceTree = "<group>"; };
		ECBA6CD61E2DDC200035ED27 /* ContainerSample.app */ = {isa = PBXFileReference; explicitFileType = wrapper.application; includeInIndex = 0; path = ContainerSample.app; sourceTree = BUILT_PRODUCTS_DIR; };
		ECBA6CD91E2DDC200035ED27 /* AppDelegate.swift */ = {isa = PBXFileReference; lastKnownFileType = sourcecode.swift; path = AppDelegate.swift; sourceTree = "<group>"; };
		ECBA6CDB1E2DDC200035ED27 /* BaseViewController.swift */ = {isa = PBXFileReference; lastKnownFileType = sourcecode.swift; path = BaseViewController.swift; sourceTree = "<group>"; };
		ECBA6CDE1E2DDC200035ED27 /* Base */ = {isa = PBXFileReference; lastKnownFileType = file.storyboard; name = Base; path = Base.lproj/Main.storyboard; sourceTree = "<group>"; };
		ECBA6CE01E2DDC200035ED27 /* Assets.xcassets */ = {isa = PBXFileReference; lastKnownFileType = folder.assetcatalog; path = Assets.xcassets; sourceTree = "<group>"; };
		ECBA6CE31E2DDC200035ED27 /* Base */ = {isa = PBXFileReference; lastKnownFileType = file.storyboard; name = Base; path = Base.lproj/LaunchScreen.storyboard; sourceTree = "<group>"; };
		ECBA6CE51E2DDC200035ED27 /* Info.plist */ = {isa = PBXFileReference; lastKnownFileType = text.plist.xml; path = Info.plist; sourceTree = "<group>"; };
/* End PBXFileReference section */

/* Begin PBXFrameworksBuildPhase section */
		ECBA6CD31E2DDC200035ED27 /* Frameworks */ = {
			isa = PBXFrameworksBuildPhase;
			buildActionMask = 2147483647;
			files = (
			);
			runOnlyForDeploymentPostprocessing = 0;
		};
/* End PBXFrameworksBuildPhase section */

/* Begin PBXGroup section */
		ECBA6CCD1E2DDC200035ED27 = {
			isa = PBXGroup;
			children = (
				ECBA6CD81E2DDC200035ED27 /* ContainerSample */,
				ECBA6CD71E2DDC200035ED27 /* Products */,
			);
			sourceTree = "<group>";
		};
		ECBA6CD71E2DDC200035ED27 /* Products */ = {
			isa = PBXGroup;
			children = (
				ECBA6CD61E2DDC200035ED27 /* ContainerSample.app */,
			);
			name = Products;
			sourceTree = "<group>";
		};
		ECBA6CD81E2DDC200035ED27 /* ContainerSample */ = {
			isa = PBXGroup;
			children = (
				ECBA6CD91E2DDC200035ED27 /* AppDelegate.swift */,
				ECBA6CDB1E2DDC200035ED27 /* BaseViewController.swift */,
				ECBA6CDD1E2DDC200035ED27 /* Main.storyboard */,
				ECBA6CE01E2DDC200035ED27 /* Assets.xcassets */,
				ECBA6CE21E2DDC200035ED27 /* LaunchScreen.storyboard */,
				ECBA6CE51E2DDC200035ED27 /* Info.plist */,
				EC0CEFE51E2E1DA70013B5D4 /* ComponentAViewController.swift */,
				EC0CEFE71E2E1DB40013B5D4 /* ComponentBViewController.swift */,
			);
			path = ContainerSample;
			sourceTree = "<group>";
		};
/* End PBXGroup section */

/* Begin PBXNativeTarget section */
		ECBA6CD51E2DDC200035ED27 /* ContainerSample */ = {
			isa = PBXNativeTarget;
			buildConfigurationList = ECBA6CE81E2DDC200035ED27 /* Build configuration list for PBXNativeTarget "ContainerSample" */;
			buildPhases = (
				ECBA6CD21E2DDC200035ED27 /* Sources */,
				ECBA6CD31E2DDC200035ED27 /* Frameworks */,
				ECBA6CD41E2DDC200035ED27 /* Resources */,
			);
			buildRules = (
			);
			dependencies = (
			);
			name = ContainerSample;
			productName = ContainerSample;
			productReference = ECBA6CD61E2DDC200035ED27 /* ContainerSample.app */;
			productType = "com.apple.product-type.application";
		};
/* End PBXNativeTarget section */

/* Begin PBXProject section */
		ECBA6CCE1E2DDC200035ED27 /* Project object */ = {
			isa = PBXProject;
			attributes = {
				LastSwiftUpdateCheck = 0820;
				LastUpgradeCheck = 0820;
				ORGANIZATIONNAME = YamamotoKazunori;
				TargetAttributes = {
					ECBA6CD51E2DDC200035ED27 = {
						CreatedOnToolsVersion = 8.2.1;
						DevelopmentTeam = JR3P4D8W29;
						ProvisioningStyle = Automatic;
					};
				};
			};
			buildConfigurationList = ECBA6CD11E2DDC200035ED27 /* Build configuration list for PBXProject "ContainerSample" */;
			compatibilityVersion = "Xcode 3.2";
			developmentRegion = English;
			hasScannedForEncodings = 0;
			knownRegions = (
				en,
				Base,
			);
			mainGroup = ECBA6CCD1E2DDC200035ED27;
			productRefGroup = ECBA6CD71E2DDC200035ED27 /* Products */;
			projectDirPath = "";
			projectRoot = "";
			targets = (
				ECBA6CD51E2DDC200035ED27 /* ContainerSample */,
			);
		};
/* End PBXProject section */

/* Begin PBXResourcesBuildPhase section */
		ECBA6CD41E2DDC200035ED27 /* Resources */ = {
			isa = PBXResourcesBuildPhase;
			buildActionMask = 2147483647;
			files = (
				ECBA6CE41E2DDC200035ED27 /* LaunchScreen.storyboard in Resources */,
				ECBA6CE11E2DDC200035ED27 /* Assets.xcassets in Resources */,
				ECBA6CDF1E2DDC200035ED27 /* Main.storyboard in Resources */,
			);
			runOnlyForDeploymentPostprocessing = 0;
		};
/* End PBXResourcesBuildPhase section */

/* Begin PBXSourcesBuildPhase section */
		ECBA6CD21E2DDC200035ED27 /* Sources */ = {
			isa = PBXSourcesBuildPhase;
			buildActionMask = 2147483647;
			files = (
				EC0CEFE61E2E1DA70013B5D4 /* ComponentAViewController.swift in Sources */,
				EC0CEFE81E2E1DB40013B5D4 /* ComponentBViewController.swift in Sources */,
				ECBA6CDC1E2DDC200035ED27 /* BaseViewController.swift in Sources */,
				ECBA6CDA1E2DDC200035ED27 /* AppDelegate.swift in Sources */,
			);
			runOnlyForDeploymentPostprocessing = 0;
		};
/* End PBXSourcesBuildPhase section */

/* Begin PBXVariantGroup section */
		ECBA6CDD1E2DDC200035ED27 /* Main.storyboard */ = {
			isa = PBXVariantGroup;
			children = (
				ECBA6CDE1E2DDC200035ED27 /* Base */,
			);
			name = Main.storyboard;
			sourceTree = "<group>";
		};
		ECBA6CE21E2DDC200035ED27 /* LaunchScreen.storyboard */ = {
			isa = PBXVariantGroup;
			children = (
				ECBA6CE31E2DDC200035ED27 /* Base */,
			);
			name = LaunchScreen.storyboard;
			sourceTree = "<group>";
		};
/* End PBXVariantGroup section */

/* Begin XCBuildConfiguration section */
		ECBA6CE61E2DDC200035ED27 /* Debug */ = {
			isa = XCBuildConfiguration;
			buildSettings = {
				ALWAYS_SEARCH_USER_PATHS = NO;
				CLANG_ANALYZER_NONNULL = YES;
				CLANG_CXX_LANGUAGE_STANDARD = "gnu++0x";
				CLANG_CXX_LIBRARY = "libc++";
				CLANG_ENABLE_MODULES = YES;
				CLANG_ENABLE_OBJC_ARC = YES;
				CLANG_WARN_BOOL_CONVERSION = YES;
				CLANG_WARN_CONSTANT_CONVERSION = YES;
				CLANG_WARN_DIRECT_OBJC_ISA_USAGE = YES_ERROR;
				CLANG_WARN_DOCUMENTATION_COMMENTS = YES;
				CLANG_WARN_EMPTY_BODY = YES;
				CLANG_WARN_ENUM_CONVERSION = YES;
				CLANG_WARN_INFINITE_RECURSION = YES;
				CLANG_WARN_INT_CONVERSION = YES;
				CLANG_WARN_OBJC_ROOT_CLASS = YES_ERROR;
				CLANG_WARN_SUSPICIOUS_MOVE = YES;
				CLANG_WARN_UNREACHABLE_CODE = YES;
				CLANG_WARN__DUPLICATE_METHOD_MATCH = YES;
				"CODE_SIGN_IDENTITY[sdk=iphoneos*]" = "iPhone Developer";
				COPY_PHASE_STRIP = NO;
				DEBUG_INFORMATION_FORMAT = dwarf;
				ENABLE_STRICT_OBJC_MSGSEND = YES;
				ENABLE_TESTABILITY = YES;
				GCC_C_LANGUAGE_STANDARD = gnu99;
				GCC_DYNAMIC_NO_PIC = NO;
				GCC_NO_COMMON_BLOCKS = YES;
				GCC_OPTIMIZATION_LEVEL = 0;
				GCC_PREPROCESSOR_DEFINITIONS = (
					"DEBUG=1",
					"$(inherited)",
				);
				GCC_WARN_64_TO_32_BIT_CONVERSION = YES;
				GCC_WARN_ABOUT_RETURN_TYPE = YES_ERROR;
				GCC_WARN_UNDECLARED_SELECTOR = YES;
				GCC_WARN_UNINITIALIZED_AUTOS = YES_AGGRESSIVE;
				GCC_WARN_UNUSED_FUNCTION = YES;
				GCC_WARN_UNUSED_VARIABLE = YES;
				IPHONEOS_DEPLOYMENT_TARGET = 10.2;
				MTL_ENABLE_DEBUG_INFO = YES;
				ONLY_ACTIVE_ARCH = YES;
				SDKROOT = iphoneos;
				SWIFT_ACTIVE_COMPILATION_CONDITIONS = DEBUG;
				SWIFT_OPTIMIZATION_LEVEL = "-Onone";
			};
			name = Debug;
		};
		ECBA6CE71E2DDC200035ED27 /* Release */ = {
			isa = XCBuildConfiguration;
			buildSettings = {
				ALWAYS_SEARCH_USER_PATHS = NO;
				CLANG_ANALYZER_NONNULL = YES;
				CLANG_CXX_LANGUAGE_STANDARD = "gnu++0x";
				CLANG_CXX_LIBRARY = "libc++";
				CLANG_ENABLE_MODULES = YES;
				CLANG_ENABLE_OBJC_ARC = YES;
				CLANG_WARN_BOOL_CONVERSION = YES;
				CLANG_WARN_CONSTANT_CONVERSION = YES;
				CLANG_WARN_DIRECT_OBJC_ISA_USAGE = YES_ERROR;
				CLANG_WARN_DOCUMENTATION_COMMENTS = YES;
				CLANG_WARN_EMPTY_BODY = YES;
				CLANG_WARN_ENUM_CONVERSION = YES;
				CLANG_WARN_INFINITE_RECURSION = YES;
				CLANG_WARN_INT_CONVERSION = YES;
				CLANG_WARN_OBJC_ROOT_CLASS = YES_ERROR;
				CLANG_WARN_SUSPICIOUS_MOVE = YES;
				CLANG_WARN_UNREACHABLE_CODE = YES;
				CLANG_WARN__DUPLICATE_METHOD_MATCH = YES;
				"CODE_SIGN_IDENTITY[sdk=iphoneos*]" = "iPhone Developer";
				COPY_PHASE_STRIP = NO;
				DEBUG_INFORMATION_FORMAT = "dwarf-with-dsym";
				ENABLE_NS_ASSERTIONS = NO;
				ENABLE_STRICT_OBJC_MSGSEND = YES;
				GCC_C_LANGUAGE_STANDARD = gnu99;
				GCC_NO_COMMON_BLOCKS = YES;
				GCC_WARN_64_TO_32_BIT_CONVERSION = YES;
				GCC_WARN_ABOUT_RETURN_TYPE = YES_ERROR;
				GCC_WARN_UNDECLARED_SELECTOR = YES;
				GCC_WARN_UNINITIALIZED_AUTOS = YES_AGGRESSIVE;
				GCC_WARN_UNUSED_FUNCTION = YES;
				GCC_WARN_UNUSED_VARIABLE = YES;
				IPHONEOS_DEPLOYMENT_TARGET = 10.2;
				MTL_ENABLE_DEBUG_INFO = NO;
				SDKROOT = iphoneos;
				SWIFT_OPTIMIZATION_LEVEL = "-Owholemodule";
				VALIDATE_PRODUCT = YES;
			};
			name = Release;
		};
		ECBA6CE91E2DDC200035ED27 /* Debug */ = {
			isa = XCBuildConfiguration;
			buildSettings = {
				ASSETCATALOG_COMPILER_APPICON_NAME = AppIcon;
				DEVELOPMENT_TEAM = JR3P4D8W29;
				INFOPLIST_FILE = ContainerSample/Info.plist;
				LD_RUNPATH_SEARCH_PATHS = "$(inherited) @executable_path/Frameworks";
				PRODUCT_BUNDLE_IDENTIFIER = jp.iridge.yamakazu.ContainerSample;
				PRODUCT_NAME = "$(TARGET_NAME)";
				SWIFT_VERSION = 3.0;
			};
			name = Debug;
		};
		ECBA6CEA1E2DDC200035ED27 /* Release */ = {
			isa = XCBuildConfiguration;
			buildSettings = {
				ASSETCATALOG_COMPILER_APPICON_NAME = AppIcon;
				DEVELOPMENT_TEAM = JR3P4D8W29;
				INFOPLIST_FILE = ContainerSample/Info.plist;
				LD_RUNPATH_SEARCH_PATHS = "$(inherited) @executable_path/Frameworks";
				PRODUCT_BUNDLE_IDENTIFIER = jp.iridge.yamakazu.ContainerSample;
				PRODUCT_NAME = "$(TARGET_NAME)";
				SWIFT_VERSION = 3.0;
			};
			name = Release;
		};
/* End XCBuildConfiguration section */

/* Begin XCConfigurationList section */
		ECBA6CD11E2DDC200035ED27 /* Build configuration list for PBXProject "ContainerSample" */ = {
			isa = XCConfigurationList;
			buildConfigurations = (
				ECBA6CE61E2DDC200035ED27 /* Debug */,
				ECBA6CE71E2DDC200035ED27 /* Release */,
			);
			defaultConfigurationIsVisible = 0;
			defaultConfigurationName = Release;
		};
		ECBA6CE81E2DDC200035ED27 /* Build configuration list for PBXNativeTarget "ContainerSample" */ = {
			isa = XCConfigurationList;
			buildConfigurations = (
				ECBA6CE91E2DDC200035ED27 /* Debug */,
				ECBA6CEA1E2DDC200035ED27 /* Release */,
			);
			defaultConfigurationIsVisible = 0;
			defaultConfigurationName = Release;
		};
/* End XCConfigurationList section */
	};
	rootObject = ECBA6CCE1E2DDC200035ED27 /* Project object */;
}
